
Microsoft Visual Studio Solution File, Format Version 12.00
# Visual Studio Version 17
VisualStudioVersion = 17.14.36930.0 d17.14
MinimumVisualStudioVersion = 10.0.40219.1
Project("{FAE04EC0-301F-11D3-BF4B-00C04F79EFBC}") = "ativi poo 2", "ativi poo 2.csproj", "{1CACA809-8A8E-41E5-A457-3C1507958749}"
EndProject
Global
	GlobalSection(SolutionConfigurationPlatforms) = preSolution
		Debug|Any CPU = Debug|Any CPU
		Release|Any CPU = Release|Any CPU
	EndGlobalSection
	GlobalSection(ProjectConfigurationPlatforms) = postSolution
		{1CACA809-8A8E-41E5-A457-3C1507958749}.Debug|Any CPU.ActiveCfg = Debug|Any CPU
		{1CACA809-8A8E-41E5-A457-3C1507958749}.Debug|Any CPU.Build.0 = Debug|Any CPU
		{1CACA809-8A8E-41E5-A457-3C1507958749}.Release|Any CPU.ActiveCfg = Release|Any CPU
		{1CACA809-8A8E-41E5-A457-3C1507958749}.Release|Any CPU.Build.0 = Release|Any CPU
	EndGlobalSection
	GlobalSection(SolutionProperties) = preSolution
		HideSolutionNode = FALSE
	EndGlobalSection
	GlobalSection(ExtensibilityGlobals) = postSolution
		SolutionGuid = {79BB2A3B-5674-4118-A87A-967E9BF3894F}
	EndGlobalSection
EndGlobal
